
Microsoft Visual Studio Solution File, Format Version 12.00
# Visual Studio Version 17
VisualStudioVersion = 17.14.36408.4 d17.14
MinimumVisualStudioVersion = 10.0.40219.1
Project("{FAE04EC0-301F-11D3-BF4B-00C04F79EFBC}") = "CapaPresentacion", "CapaPresentacion.csproj", "{C79C6F84-D58F-40BB-89C8-9BBFFDD52A45}"
EndProject
Project("{FAE04EC0-301F-11D3-BF4B-00C04F79EFBC}") = "CapaNegocio", "..\CapaNegocio\CapaNegocio.csproj", "{5BB7731C-F84F-4056-A9BA-0DFD8C2E72B6}"
EndProject
Project("{FAE04EC0-301F-11D3-BF4B-00C04F79EFBC}") = "CapaDatos", "..\CapaDatos\CapaDatos.csproj", "{2C4BF14E-81C3-421D-B649-D989537807C6}"
EndProject
Global
	GlobalSection(SolutionConfigurationPlatforms) = preSolution
		Debug|Any CPU = Debug|Any CPU
		Release|Any CPU = Release|Any CPU
	EndGlobalSection
	GlobalSection(ProjectConfigurationPlatforms) = postSolution
		{C79C6F84-D58F-40BB-89C8-9BBFFDD52A45}.Debug|Any CPU.ActiveCfg = Debug|Any CPU
		{C79C6F84-D58F-40BB-89C8-9BBFFDD52A45}.Debug|Any CPU.Build.0 = Debug|Any CPU
		{C79C6F84-D58F-40BB-89C8-9BBFFDD52A45}.Release|Any CPU.ActiveCfg = Release|Any CPU
		{C79C6F84-D58F-40BB-89C8-9BBFFDD52A45}.Release|Any CPU.Build.0 = Release|Any CPU
		{5BB7731C-F84F-4056-A9BA-0DFD8C2E72B6}.Debug|Any CPU.ActiveCfg = Debug|Any CPU
		{5BB7731C-F84F-4056-A9BA-0DFD8C2E72B6}.Debug|Any CPU.Build.0 = Debug|Any CPU
		{5BB7731C-F84F-4056-A9BA-0DFD8C2E72B6}.Release|Any CPU.ActiveCfg = Release|Any CPU
		{5BB7731C-F84F-4056-A9BA-0DFD8C2E72B6}.Release|Any CPU.Build.0 = Release|Any CPU
		{2C4BF14E-81C3-421D-B649-D989537807C6}.Debug|Any CPU.ActiveCfg = Debug|Any CPU
		{2C4BF14E-81C3-421D-B649-D989537807C6}.Debug|Any CPU.Build.0 = Debug|Any CPU
		{2C4BF14E-81C3-421D-B649-D989537807C6}.Release|Any CPU.ActiveCfg = Release|Any CPU
		{2C4BF14E-81C3-421D-B649-D989537807C6}.Release|Any CPU.Build.0 = Release|Any CPU
	EndGlobalSection
	GlobalSection(SolutionProperties) = preSolution
		HideSolutionNode = FALSE
	EndGlobalSection
	GlobalSection(ExtensibilityGlobals) = postSolution
		SolutionGuid = {3C442A75-D21F-4FF8-928E-98196CF81D78}
	EndGlobalSection
EndGlobal
